
Microsoft Visual Studio Solution File, Format Version 12.00
# Visual Studio Version 16
VisualStudioVersion = 16.0.30204.135
MinimumVisualStudioVersion = 10.0.40219.1
Project("{FAE04EC0-301F-11D3-BF4B-00C04F79EFBC}") = "DiscordSSniperbyXD", "DiscordSniperbyXD\DiscordSSniperbyXD.csproj", "{0C5DEC07-D663-40DE-9CD2-C70DD6CABDCD}"
EndProject
Global
	GlobalSection(SolutionConfigurationPlatforms) = preSolution
		Debug|Any CPU = Debug|Any CPU
		Release|Any CPU = Release|Any CPU
	EndGlobalSection
	GlobalSection(ProjectConfigurationPlatforms) = postSolution
		{0C5DEC07-D663-40DE-9CD2-C70DD6CABDCD}.Debug|Any CPU.ActiveCfg = Debug|Any CPU
		{0C5DEC07-D663-40DE-9CD2-C70DD6CABDCD}.Debug|Any CPU.Build.0 = Debug|Any CPU
		{0C5DEC07-D663-40DE-9CD2-C70DD6CABDCD}.Release|Any CPU.ActiveCfg = Release|Any CPU
		{0C5DEC07-D663-40DE-9CD2-C70DD6CABDCD}.Release|Any CPU.Build.0 = Release|Any CPU
	EndGlobalSection
	GlobalSection(SolutionProperties) = preSolution
		HideSolutionNode = FALSE
	EndGlobalSection
	GlobalSection(ExtensibilityGlobals) = postSolution
		SolutionGuid = {9990EC65-BB7D-4102-BB3A-977A1B4413FD}
	EndGlobalSection
EndGlobal
